// !$*UTF8*$!
{
	archiveVersion = 1;
	classes = {
	};
	objectVersion = 51;
	objects = {

/* Begin PBXBuildFile section */
		3B02591E8C2D554BA54B68FD /* (null) in Frameworks */ = {isa = PBXBuildFile; };
		7F5A6842B9406F9396D206E2 /* (null) in Frameworks */ = {isa = PBXBuildFile; };
		A203623C56856DDA1C434D2F /* (null) in Frameworks */ = {isa = PBXBuildFile; };
		B6227E0A237663830041C864 /* AppDelegate.swift in Sources */ = {isa = PBXBuildFile; fileRef = B6227E09237663830041C864 /* AppDelegate.swift */; };
		B6227E0C237663830041C864 /* ViewController.swift in Sources */ = {isa = PBXBuildFile; fileRef = B6227E0B237663830041C864 /* ViewController.swift */; };
		B6227E11237663840041C864 /* Assets.xcassets in Resources */ = {isa = PBXBuildFile; fileRef = B6227E10237663840041C864 /* Assets.xcassets */; };
		B6227E1F237663840041C864 /* picToTextTests.swift in Sources */ = {isa = PBXBuildFile; fileRef = B6227E1E237663840041C864 /* picToTextTests.swift */; };
		B6227E2A237663840041C864 /* picToTextUITests.swift in Sources */ = {isa = PBXBuildFile; fileRef = B6227E29237663840041C864 /* picToTextUITests.swift */; };
		B6227E4223768BF50041C864 /* ImageToTextClient.swift in Sources */ = {isa = PBXBuildFile; fileRef = B6227E4123768BF50041C864 /* ImageToTextClient.swift */; };
		B6227E4623768C0B0041C864 /* CameraViewController.swift in Sources */ = {isa = PBXBuildFile; fileRef = B6227E4323768C0B0041C864 /* CameraViewController.swift */; };
		B6227E4723768C0B0041C864 /* ResultsViewController.swift in Sources */ = {isa = PBXBuildFile; fileRef = B6227E4423768C0B0041C864 /* ResultsViewController.swift */; };
		B6227E4823768C0B0041C864 /* APIModels.swift in Sources */ = {isa = PBXBuildFile; fileRef = B6227E4523768C0B0041C864 /* APIModels.swift */; };
		B6227E4A23768C280041C864 /* GENERIC-CUSTOM-SIGN-PORTRAIT-324x324.jpg in Resources */ = {isa = PBXBuildFile; fileRef = B6227E4923768C280041C864 /* GENERIC-CUSTOM-SIGN-PORTRAIT-324x324.jpg */; };
		FDE2B211237743C100E04BFD /* LoadingViewController.swift in Sources */ = {isa = PBXBuildFile; fileRef = FDE2B210237743C100E04BFD /* LoadingViewController.swift */; };
/* End PBXBuildFile section */

/* Begin PBXContainerItemProxy section */
		B6227E1B237663840041C864 /* PBXContainerItemProxy */ = {
			isa = PBXContainerItemProxy;
			containerPortal = B6227DFE237663830041C864 /* Project object */;
			proxyType = 1;
			remoteGlobalIDString = B6227E05237663830041C864;
			remoteInfo = picToText;
		};
		B6227E26237663840041C864 /* PBXContainerItemProxy */ = {
			isa = PBXContainerItemProxy;
			containerPortal = B6227DFE237663830041C864 /* Project object */;
			proxyType = 1;
			remoteGlobalIDString = B6227E05237663830041C864;
			remoteInfo = picToText;
		};
/* End PBXContainerItemProxy section */

/* Begin PBXFileReference section */
		034B4212702EC2D4DC5BED44 /* Pods-picToTextTests.debug.xcconfig */ = {isa = PBXFileReference; includeInIndex = 1; lastKnownFileType = text.xcconfig; name = "Pods-picToTextTests.debug.xcconfig"; path = "Target Support Files/Pods-picToTextTests/Pods-picToTextTests.debug.xcconfig"; sourceTree = "<group>"; };
		20A24C245FE3920AED6B8ADB /* Pods-picToText.release.xcconfig */ = {isa = PBXFileReference; includeInIndex = 1; lastKnownFileType = text.xcconfig; name = "Pods-picToText.release.xcconfig"; path = "Target Support Files/Pods-picToText/Pods-picToText.release.xcconfig"; sourceTree = "<group>"; };
		23F7DCEFC0220854809A89CA /* Pods-picToText-picToTextUITests.debug.xcconfig */ = {isa = PBXFileReference; includeInIndex = 1; lastKnownFileType = text.xcconfig; name = "Pods-picToText-picToTextUITests.debug.xcconfig"; path = "Target Support Files/Pods-picToText-picToTextUITests/Pods-picToText-picToTextUITests.debug.xcconfig"; sourceTree = "<group>"; };
		2931C3F73B0CD23414F1CB97 /* Pods-picToText.debug.xcconfig */ = {isa = PBXFileReference; includeInIndex = 1; lastKnownFileType = text.xcconfig; name = "Pods-picToText.debug.xcconfig"; path = "Target Support Files/Pods-picToText/Pods-picToText.debug.xcconfig"; sourceTree = "<group>"; };
		9F6CFFA7835F50E285A1CEA2 /* Pods-picToTextTests.release.xcconfig */ = {isa = PBXFileReference; includeInIndex = 1; lastKnownFileType = text.xcconfig; name = "Pods-picToTextTests.release.xcconfig"; path = "Target Support Files/Pods-picToTextTests/Pods-picToTextTests.release.xcconfig"; sourceTree = "<group>"; };
		A674991BCEDA75FE6F3FE7DC /* Pods-picToText-picToTextUITests.release.xcconfig */ = {isa = PBXFileReference; includeInIndex = 1; lastKnownFileType = text.xcconfig; name = "Pods-picToText-picToTextUITests.release.xcconfig"; path = "Target Support Files/Pods-picToText-picToTextUITests/Pods-picToText-picToTextUITests.release.xcconfig"; sourceTree = "<group>"; };
		B6227E06237663830041C864 /* picToText.app */ = {isa = PBXFileReference; explicitFileType = wrapper.application; includeInIndex = 0; path = picToText.app; sourceTree = BUILT_PRODUCTS_DIR; };
		B6227E09237663830041C864 /* AppDelegate.swift */ = {isa = PBXFileReference; lastKnownFileType = sourcecode.swift; path = AppDelegate.swift; sourceTree = "<group>"; };
		B6227E0B237663830041C864 /* ViewController.swift */ = {isa = PBXFileReference; lastKnownFileType = sourcecode.swift; path = ViewController.swift; sourceTree = "<group>"; };
		B6227E10237663840041C864 /* Assets.xcassets */ = {isa = PBXFileReference; lastKnownFileType = folder.assetcatalog; path = Assets.xcassets; sourceTree = "<group>"; };
		B6227E15237663840041C864 /* Info.plist */ = {isa = PBXFileReference; lastKnownFileType = text.plist.xml; path = Info.plist; sourceTree = "<group>"; };
		B6227E1A237663840041C864 /* picToTextTests.xctest */ = {isa = PBXFileReference; explicitFileType = wrapper.cfbundle; includeInIndex = 0; path = picToTextTests.xctest; sourceTree = BUILT_PRODUCTS_DIR; };
		B6227E1E237663840041C864 /* picToTextTests.swift */ = {isa = PBXFileReference; lastKnownFileType = sourcecode.swift; path = picToTextTests.swift; sourceTree = "<group>"; };
		B6227E20237663840041C864 /* Info.plist */ = {isa = PBXFileReference; lastKnownFileType = text.plist.xml; path = Info.plist; sourceTree = "<group>"; };
		B6227E25237663840041C864 /* picToTextUITests.xctest */ = {isa = PBXFileReference; explicitFileType = wrapper.cfbundle; includeInIndex = 0; path = picToTextUITests.xctest; sourceTree = BUILT_PRODUCTS_DIR; };
		B6227E29237663840041C864 /* picToTextUITests.swift */ = {isa = PBXFileReference; lastKnownFileType = sourcecode.swift; path = picToTextUITests.swift; sourceTree = "<group>"; };
		B6227E2B237663840041C864 /* Info.plist */ = {isa = PBXFileReference; lastKnownFileType = text.plist.xml; path = Info.plist; sourceTree = "<group>"; };
		B6227E4123768BF50041C864 /* ImageToTextClient.swift */ = {isa = PBXFileReference; fileEncoding = 4; lastKnownFileType = sourcecode.swift; path = ImageToTextClient.swift; sourceTree = "<group>"; };
		B6227E4323768C0B0041C864 /* CameraViewController.swift */ = {isa = PBXFileReference; fileEncoding = 4; lastKnownFileType = sourcecode.swift; path = CameraViewController.swift; sourceTree = "<group>"; };
		B6227E4423768C0B0041C864 /* ResultsViewController.swift */ = {isa = PBXFileReference; fileEncoding = 4; lastKnownFileType = sourcecode.swift; path = ResultsViewController.swift; sourceTree = "<group>"; };
		B6227E4523768C0B0041C864 /* APIModels.swift */ = {isa = PBXFileReference; fileEncoding = 4; lastKnownFileType = sourcecode.swift; path = APIModels.swift; sourceTree = "<group>"; };
		B6227E4923768C280041C864 /* GENERIC-CUSTOM-SIGN-PORTRAIT-324x324.jpg */ = {isa = PBXFileReference; lastKnownFileType = image.jpeg; name = "GENERIC-CUSTOM-SIGN-PORTRAIT-324x324.jpg"; path = "Assets.xcassets/GENERIC-CUSTOM-SIGN-PORTRAIT-324x324.jpg"; sourceTree = "<group>"; };
		FDE2B210237743C100E04BFD /* LoadingViewController.swift */ = {isa = PBXFileReference; lastKnownFileType = sourcecode.swift; path = LoadingViewController.swift; sourceTree = "<group>"; };
/* End PBXFileReference section */

/* Begin PBXFrameworksBuildPhase section */
		B6227E03237663830041C864 /* Frameworks */ = {
			isa = PBXFrameworksBuildPhase;
			buildActionMask = 2147483647;
			files = (
				3B02591E8C2D554BA54B68FD /* (null) in Frameworks */,
			);
			runOnlyForDeploymentPostprocessing = 0;
		};
		B6227E17237663840041C864 /* Frameworks */ = {
			isa = PBXFrameworksBuildPhase;
			buildActionMask = 2147483647;
			files = (
				7F5A6842B9406F9396D206E2 /* (null) in Frameworks */,
			);
			runOnlyForDeploymentPostprocessing = 0;
		};
		B6227E22237663840041C864 /* Frameworks */ = {
			isa = PBXFrameworksBuildPhase;
			buildActionMask = 2147483647;
			files = (
				A203623C56856DDA1C434D2F /* (null) in Frameworks */,
			);
			runOnlyForDeploymentPostprocessing = 0;
		};
/* End PBXFrameworksBuildPhase section */

/* Begin PBXGroup section */
		841267162A7458B113EE16EB /* Frameworks */ = {
			isa = PBXGroup;
			children = (
			);
			name = Frameworks;
			sourceTree = "<group>";
		};
		B6227DFD237663830041C864 = {
			isa = PBXGroup;
			children = (
				B6227E08237663830041C864 /* picToText */,
				B6227E1D237663840041C864 /* picToTextTests */,
				B6227E07237663830041C864 /* Products */,
				F6FAF380EFC04CF3CF8EEEED /* Pods */,
				841267162A7458B113EE16EB /* Frameworks */,
			);
			sourceTree = "<group>";
		};
		B6227E07237663830041C864 /* Products */ = {
			isa = PBXGroup;
			children = (
				B6227E06237663830041C864 /* picToText.app */,
				B6227E1A237663840041C864 /* picToTextTests.xctest */,
				B6227E25237663840041C864 /* picToTextUITests.xctest */,
			);
			name = Products;
			sourceTree = "<group>";
		};
		B6227E08237663830041C864 /* picToText */ = {
			isa = PBXGroup;
			children = (
				B6227E4523768C0B0041C864 /* APIModels.swift */,
				B6227E4323768C0B0041C864 /* CameraViewController.swift */,
				B6227E4423768C0B0041C864 /* ResultsViewController.swift */,
				B6227E4123768BF50041C864 /* ImageToTextClient.swift */,
				B6227E09237663830041C864 /* AppDelegate.swift */,
				B6227E0B237663830041C864 /* ViewController.swift */,
				B6227E10237663840041C864 /* Assets.xcassets */,
				B6227E4923768C280041C864 /* CUSTOM.jpg */,
				B6227E15237663840041C864 /* Info.plist */,
				FDE2B210237743C100E04BFD /* LoadingViewController.swift */,
			);
			path = picToText;
			sourceTree = "<group>";
		};
		B6227E1D237663840041C864 /* picToTextTests */ = {
			isa = PBXGroup;
			children = (
				B6227E1E237663840041C864 /* picToTextTests.swift */,
				B6227E20237663840041C864 /* Info.plist */,
				B6227E28237663840041C864 /* picToTextUITests */,
			);
			path = picToTextTests;
			sourceTree = "<group>";
		};
		B6227E28237663840041C864 /* picToTextUITests */ = {
			isa = PBXGroup;
			children = (
				B6227E29237663840041C864 /* picToTextUITests.swift */,
				B6227E2B237663840041C864 /* Info.plist */,
			);
			path = picToTextUITests;
			sourceTree = "<group>";
		};
		F6FAF380EFC04CF3CF8EEEED /* Pods */ = {
			isa = PBXGroup;
			children = (
				2931C3F73B0CD23414F1CB97 /* Pods-picToText.debug.xcconfig */,
				20A24C245FE3920AED6B8ADB /* Pods-picToText.release.xcconfig */,
				23F7DCEFC0220854809A89CA /* Pods-picToText-picToTextUITests.debug.xcconfig */,
				A674991BCEDA75FE6F3FE7DC /* Pods-picToText-picToTextUITests.release.xcconfig */,
				034B4212702EC2D4DC5BED44 /* Pods-picToTextTests.debug.xcconfig */,
				9F6CFFA7835F50E285A1CEA2 /* Pods-picToTextTests.release.xcconfig */,
			);
			path = Pods;
			sourceTree = "<group>";
		};
/* End PBXGroup section */

/* Begin PBXNativeTarget section */
		B6227E05237663830041C864 /* picToText */ = {
			isa = PBXNativeTarget;
			buildConfigurationList = B6227E2E237663840041C864 /* Build configuration list for PBXNativeTarget "picToText" */;
			buildPhases = (
				739D1AD22670E29ADDEC2168 /* [CP] Check Pods Manifest.lock */,
				B6227E02237663830041C864 /* Sources */,
				B6227E03237663830041C864 /* Frameworks */,
				B6227E04237663830041C864 /* Resources */,
				B2AA2CADD044F563DCFD7B36 /* [CP] Embed Pods Frameworks */,
			);
			buildRules = (
			);
			dependencies = (
			);
			name = picToText;
			productName = picToText;
			productReference = B6227E06237663830041C864 /* picToText.app */;
			productType = "com.apple.product-type.application";
		};
		B6227E19237663840041C864 /* picToTextTests */ = {
			isa = PBXNativeTarget;
			buildConfigurationList = B6227E31237663840041C864 /* Build configuration list for PBXNativeTarget "picToTextTests" */;
			buildPhases = (
				A258A884A29E896A9CC02DCC /* [CP] Check Pods Manifest.lock */,
				B6227E16237663840041C864 /* Sources */,
				B6227E17237663840041C864 /* Frameworks */,
				B6227E18237663840041C864 /* Resources */,
			);
			buildRules = (
			);
			dependencies = (
				B6227E1C237663840041C864 /* PBXTargetDependency */,
			);
			name = picToTextTests;
			productName = picToTextTests;
			productReference = B6227E1A237663840041C864 /* picToTextTests.xctest */;
			productType = "com.apple.product-type.bundle.unit-test";
		};
		B6227E24237663840041C864 /* picToTextUITests */ = {
			isa = PBXNativeTarget;
			buildConfigurationList = B6227E34237663840041C864 /* Build configuration list for PBXNativeTarget "picToTextUITests" */;
			buildPhases = (
				A36063EF164BCDD133C4EF4A /* [CP] Check Pods Manifest.lock */,
				B6227E21237663840041C864 /* Sources */,
				B6227E22237663840041C864 /* Frameworks */,
				B6227E23237663840041C864 /* Resources */,
				8C39AFB46CB76E7AE81B7769 /* [CP] Embed Pods Frameworks */,
			);
			buildRules = (
			);
			dependencies = (
				B6227E27237663840041C864 /* PBXTargetDependency */,
			);
			name = picToTextUITests;
			productName = picToTextUITests;
			productReference = B6227E25237663840041C864 /* picToTextUITests.xctest */;
			productType = "com.apple.product-type.bundle.ui-testing";
		};
/* End PBXNativeTarget section */

/* Begin PBXProject section */
		B6227DFE237663830041C864 /* Project object */ = {
			isa = PBXProject;
			attributes = {
				LastSwiftUpdateCheck = 1030;
				LastUpgradeCheck = 1030;
				ORGANIZATIONNAME = "Zach Doster";
				TargetAttributes = {
					B6227E05237663830041C864 = {
						CreatedOnToolsVersion = 10.3;
					};
					B6227E19237663840041C864 = {
						CreatedOnToolsVersion = 10.3;
						TestTargetID = B6227E05237663830041C864;
					};
					B6227E24237663840041C864 = {
						CreatedOnToolsVersion = 10.3;
						TestTargetID = B6227E05237663830041C864;
					};
				};
			};
			buildConfigurationList = B6227E01237663830041C864 /* Build configuration list for PBXProject "picToText" */;
			compatibilityVersion = "Xcode 9.3";
			developmentRegion = en;
			hasScannedForEncodings = 0;
			knownRegions = (
				en,
				Base,
			);
			mainGroup = B6227DFD237663830041C864;
			productRefGroup = B6227E07237663830041C864 /* Products */;
			projectDirPath = "";
			projectRoot = "";
			targets = (
				B6227E05237663830041C864 /* picToText */,
				B6227E19237663840041C864 /* picToTextTests */,
				B6227E24237663840041C864 /* picToTextUITests */,
			);
		};
/* End PBXProject section */

/* Begin PBXResourcesBuildPhase section */
		B6227E04237663830041C864 /* Resources */ = {
			isa = PBXResourcesBuildPhase;
			buildActionMask = 2147483647;
			files = (
				B6227E11237663840041C864 /* Assets.xcassets in Resources */,
				B6227E4A23768C280041C864 /* CUSTOM.jpg in Resources */,
			);
			runOnlyForDeploymentPostprocessing = 0;
		};
		B6227E18237663840041C864 /* Resources */ = {
			isa = PBXResourcesBuildPhase;
			buildActionMask = 2147483647;
			files = (
			);
			runOnlyForDeploymentPostprocessing = 0;
		};
		B6227E23237663840041C864 /* Resources */ = {
			isa = PBXResourcesBuildPhase;
			buildActionMask = 2147483647;
			files = (
			);
			runOnlyForDeploymentPostprocessing = 0;
		};
/* End PBXResourcesBuildPhase section */

/* Begin PBXShellScriptBuildPhase section */
		739D1AD22670E29ADDEC2168 /* [CP] Check Pods Manifest.lock */ = {
			isa = PBXShellScriptBuildPhase;
			buildActionMask = 2147483647;
			files = (
			);
			inputFileListPaths = (
			);
			inputPaths = (
				"${PODS_PODFILE_DIR_PATH}/Podfile.lock",
				"${PODS_ROOT}/Manifest.lock",
			);
			name = "[CP] Check Pods Manifest.lock";
			outputFileListPaths = (
			);
			outputPaths = (
				"$(DERIVED_FILE_DIR)/Pods-picToText-checkManifestLockResult.txt",
			);
			runOnlyForDeploymentPostprocessing = 0;
			shellPath = /bin/sh;
			shellScript = "diff \"${PODS_PODFILE_DIR_PATH}/Podfile.lock\" \"${PODS_ROOT}/Manifest.lock\" > /dev/null\nif [ $? != 0 ] ; then\n    # print error to STDERR\n    echo \"error: The sandbox is not in sync with the Podfile.lock. Run 'pod install' or update your CocoaPods installation.\" >&2\n    exit 1\nfi\n# This output is used by Xcode 'outputs' to avoid re-running this script phase.\necho \"SUCCESS\" > \"${SCRIPT_OUTPUT_FILE_0}\"\n";
			showEnvVarsInLog = 0;
		};
		8C39AFB46CB76E7AE81B7769 /* [CP] Embed Pods Frameworks */ = {
			isa = PBXShellScriptBuildPhase;
			buildActionMask = 2147483647;
			files = (
			);
			inputFileListPaths = (
				"${PODS_ROOT}/Target Support Files/Pods-picToText-picToTextUITests/Pods-picToText-picToTextUITests-frameworks-${CONFIGURATION}-input-files.xcfilelist",
			);
			name = "[CP] Embed Pods Frameworks";
			outputFileListPaths = (
				"${PODS_ROOT}/Target Support Files/Pods-picToText-picToTextUITests/Pods-picToText-picToTextUITests-frameworks-${CONFIGURATION}-output-files.xcfilelist",
			);
			runOnlyForDeploymentPostprocessing = 0;
			shellPath = /bin/sh;
			shellScript = "\"${PODS_ROOT}/Target Support Files/Pods-picToText-picToTextUITests/Pods-picToText-picToTextUITests-frameworks.sh\"\n";
			showEnvVarsInLog = 0;
		};
		A258A884A29E896A9CC02DCC /* [CP] Check Pods Manifest.lock */ = {
			isa = PBXShellScriptBuildPhase;
			buildActionMask = 2147483647;
			files = (
			);
			inputFileListPaths = (
			);
			inputPaths = (
				"${PODS_PODFILE_DIR_PATH}/Podfile.lock",
				"${PODS_ROOT}/Manifest.lock",
			);
			name = "[CP] Check Pods Manifest.lock";
			outputFileListPaths = (
			);
			outputPaths = (
				"$(DERIVED_FILE_DIR)/Pods-picToTextTests-checkManifestLockResult.txt",
			);
			runOnlyForDeploymentPostprocessing = 0;
			shellPath = /bin/sh;
			shellScript = "diff \"${PODS_PODFILE_DIR_PATH}/Podfile.lock\" \"${PODS_ROOT}/Manifest.lock\" > /dev/null\nif [ $? != 0 ] ; then\n    # print error to STDERR\n    echo \"error: The sandbox is not in sync with the Podfile.lock. Run 'pod install' or update your CocoaPods installation.\" >&2\n    exit 1\nfi\n# This output is used by Xcode 'outputs' to avoid re-running this script phase.\necho \"SUCCESS\" > \"${SCRIPT_OUTPUT_FILE_0}\"\n";
			showEnvVarsInLog = 0;
		};
		A36063EF164BCDD133C4EF4A /* [CP] Check Pods Manifest.lock */ = {
			isa = PBXShellScriptBuildPhase;
			buildActionMask = 2147483647;
			files = (
			);
			inputFileListPaths = (
			);
			inputPaths = (
				"${PODS_PODFILE_DIR_PATH}/Podfile.lock",
				"${PODS_ROOT}/Manifest.lock",
			);
			name = "[CP] Check Pods Manifest.lock";
			outputFileListPaths = (
			);
			outputPaths = (
				"$(DERIVED_FILE_DIR)/Pods-picToText-picToTextUITests-checkManifestLockResult.txt",
			);
			runOnlyForDeploymentPostprocessing = 0;
			shellPath = /bin/sh;
			shellScript = "diff \"${PODS_PODFILE_DIR_PATH}/Podfile.lock\" \"${PODS_ROOT}/Manifest.lock\" > /dev/null\nif [ $? != 0 ] ; then\n    # print error to STDERR\n    echo \"error: The sandbox is not in sync with the Podfile.lock. Run 'pod install' or update your CocoaPods installation.\" >&2\n    exit 1\nfi\n# This output is used by Xcode 'outputs' to avoid re-running this script phase.\necho \"SUCCESS\" > \"${SCRIPT_OUTPUT_FILE_0}\"\n";
			showEnvVarsInLog = 0;
		};
		B2AA2CADD044F563DCFD7B36 /* [CP] Embed Pods Frameworks */ = {
			isa = PBXShellScriptBuildPhase;
			buildActionMask = 2147483647;
			files = (
			);
			inputFileListPaths = (
				"${PODS_ROOT}/Target Support Files/Pods-picToText/Pods-picToText-frameworks-${CONFIGURATION}-input-files.xcfilelist",
			);
			name = "[CP] Embed Pods Frameworks";
			outputFileListPaths = (
				"${PODS_ROOT}/Target Support Files/Pods-picToText/Pods-picToText-frameworks-${CONFIGURATION}-output-files.xcfilelist",
			);
			runOnlyForDeploymentPostprocessing = 0;
			shellPath = /bin/sh;
			shellScript = "\"${PODS_ROOT}/Target Support Files/Pods-picToText/Pods-picToText-frameworks.sh\"\n";
			showEnvVarsInLog = 0;
		};
/* End PBXShellScriptBuildPhase section */

/* Begin PBXSourcesBuildPhase section */
		B6227E02237663830041C864 /* Sources */ = {
			isa = PBXSourcesBuildPhase;
			buildActionMask = 2147483647;
			files = (
				FDE2B211237743C100E04BFD /* LoadingViewController.swift in Sources */,
				B6227E4823768C0B0041C864 /* APIModels.swift in Sources */,
				B6227E4223768BF50041C864 /* ImageToTextClient.swift in Sources */,
				B6227E4623768C0B0041C864 /* CameraViewController.swift in Sources */,
				B6227E0C237663830041C864 /* ViewController.swift in Sources */,
				B6227E4723768C0B0041C864 /* ResultsViewController.swift in Sources */,
				B6227E0A237663830041C864 /* AppDelegate.swift in Sources */,
			);
			runOnlyForDeploymentPostprocessing = 0;
		};
		B6227E16237663840041C864 /* Sources */ = {
			isa = PBXSourcesBuildPhase;
			buildActionMask = 2147483647;
			files = (
				B6227E1F237663840041C864 /* picToTextTests.swift in Sources */,
			);
			runOnlyForDeploymentPostprocessing = 0;
		};
		B6227E21237663840041C864 /* Sources */ = {
			isa = PBXSourcesBuildPhase;
			buildActionMask = 2147483647;
			files = (
				B6227E2A237663840041C864 /* picToTextUITests.swift in Sources */,
			);
			runOnlyForDeploymentPostprocessing = 0;
		};
/* End PBXSourcesBuildPhase section */

/* Begin PBXTargetDependency section */
		B6227E1C237663840041C864 /* PBXTargetDependency */ = {
			isa = PBXTargetDependency;
			target = B6227E05237663830041C864 /* picToText */;
			targetProxy = B6227E1B237663840041C864 /* PBXContainerItemProxy */;
		};
		B6227E27237663840041C864 /* PBXTargetDependency */ = {
			isa = PBXTargetDependency;
			target = B6227E05237663830041C864 /* picToText */;
			targetProxy = B6227E26237663840041C864 /* PBXContainerItemProxy */;
		};
/* End PBXTargetDependency section */

/* Begin XCBuildConfiguration section */
		B6227E2C237663840041C864 /* Debug */ = {
			isa = XCBuildConfiguration;
			buildSettings = {
				ALWAYS_SEARCH_USER_PATHS = NO;
				CLANG_ANALYZER_NONNULL = YES;
				CLANG_ANALYZER_NUMBER_OBJECT_CONVERSION = YES_AGGRESSIVE;
				CLANG_CXX_LANGUAGE_STANDARD = "gnu++14";
				CLANG_CXX_LIBRARY = "libc++";
				CLANG_ENABLE_MODULES = YES;
				CLANG_ENABLE_OBJC_ARC = YES;
				CLANG_ENABLE_OBJC_WEAK = YES;
				CLANG_WARN_BLOCK_CAPTURE_AUTORELEASING = YES;
				CLANG_WARN_BOOL_CONVERSION = YES;
				CLANG_WARN_COMMA = YES;
				CLANG_WARN_CONSTANT_CONVERSION = YES;
				CLANG_WARN_DEPRECATED_OBJC_IMPLEMENTATIONS = YES;
				CLANG_WARN_DIRECT_OBJC_ISA_USAGE = YES_ERROR;
				CLANG_WARN_DOCUMENTATION_COMMENTS = YES;
				CLANG_WARN_EMPTY_BODY = YES;
				CLANG_WARN_ENUM_CONVERSION = YES;
				CLANG_WARN_INFINITE_RECURSION = YES;
				CLANG_WARN_INT_CONVERSION = YES;
				CLANG_WARN_NON_LITERAL_NULL_CONVERSION = YES;
				CLANG_WARN_OBJC_IMPLICIT_RETAIN_SELF = YES;
				CLANG_WARN_OBJC_LITERAL_CONVERSION = YES;
				CLANG_WARN_OBJC_ROOT_CLASS = YES_ERROR;
				CLANG_WARN_RANGE_LOOP_ANALYSIS = YES;
				CLANG_WARN_STRICT_PROTOTYPES = YES;
				CLANG_WARN_SUSPICIOUS_MOVE = YES;
				CLANG_WARN_UNGUARDED_AVAILABILITY = YES_AGGRESSIVE;
				CLANG_WARN_UNREACHABLE_CODE = YES;
				CLANG_WARN__DUPLICATE_METHOD_MATCH = YES;
				CODE_SIGN_IDENTITY = "iPhone Developer";
				COPY_PHASE_STRIP = NO;
				DEBUG_INFORMATION_FORMAT = dwarf;
				ENABLE_STRICT_OBJC_MSGSEND = YES;
				ENABLE_TESTABILITY = YES;
				GCC_C_LANGUAGE_STANDARD = gnu11;
				GCC_DYNAMIC_NO_PIC = NO;
				GCC_NO_COMMON_BLOCKS = YES;
				GCC_OPTIMIZATION_LEVEL = 0;
				GCC_PREPROCESSOR_DEFINITIONS = (
					"DEBUG=1",
					"$(inherited)",
				);
				GCC_WARN_64_TO_32_BIT_CONVERSION = YES;
				GCC_WARN_ABOUT_RETURN_TYPE = YES_ERROR;
				GCC_WARN_UNDECLARED_SELECTOR = YES;
				GCC_WARN_UNINITIALIZED_AUTOS = YES_AGGRESSIVE;
				GCC_WARN_UNUSED_FUNCTION = YES;
				GCC_WARN_UNUSED_VARIABLE = YES;
				IPHONEOS_DEPLOYMENT_TARGET = 12.4;
				MTL_ENABLE_DEBUG_INFO = INCLUDE_SOURCE;
				MTL_FAST_MATH = YES;
				ONLY_ACTIVE_ARCH = YES;
				SDKROOT = iphoneos;
				SWIFT_ACTIVE_COMPILATION_CONDITIONS = DEBUG;
				SWIFT_OPTIMIZATION_LEVEL = "-Onone";
			};
			name = Debug;
		};
		B6227E2D237663840041C864 /* Release */ = {
			isa = XCBuildConfiguration;
			buildSettings = {
				ALWAYS_SEARCH_USER_PATHS = NO;
				CLANG_ANALYZER_NONNULL = YES;
				CLANG_ANALYZER_NUMBER_OBJECT_CONVERSION = YES_AGGRESSIVE;
				CLANG_CXX_LANGUAGE_STANDARD = "gnu++14";
				CLANG_CXX_LIBRARY = "libc++";
				CLANG_ENABLE_MODULES = YES;
				CLANG_ENABLE_OBJC_ARC = YES;
				CLANG_ENABLE_OBJC_WEAK = YES;
				CLANG_WARN_BLOCK_CAPTURE_AUTORELEASING = YES;
				CLANG_WARN_BOOL_CONVERSION = YES;
				CLANG_WARN_COMMA = YES;
				CLANG_WARN_CONSTANT_CONVERSION = YES;
				CLANG_WARN_DEPRECATED_OBJC_IMPLEMENTATIONS = YES;
				CLANG_WARN_DIRECT_OBJC_ISA_USAGE = YES_ERROR;
				CLANG_WARN_DOCUMENTATION_COMMENTS = YES;
				CLANG_WARN_EMPTY_BODY = YES;
				CLANG_WARN_ENUM_CONVERSION = YES;
				CLANG_WARN_INFINITE_RECURSION = YES;
				CLANG_WARN_INT_CONVERSION = YES;
				CLANG_WARN_NON_LITERAL_NULL_CONVERSION = YES;
				CLANG_WARN_OBJC_IMPLICIT_RETAIN_SELF = YES;
				CLANG_WARN_OBJC_LITERAL_CONVERSION = YES;
				CLANG_WARN_OBJC_ROOT_CLASS = YES_ERROR;
				CLANG_WARN_RANGE_LOOP_ANALYSIS = YES;
				CLANG_WARN_STRICT_PROTOTYPES = YES;
				CLANG_WARN_SUSPICIOUS_MOVE = YES;
				CLANG_WARN_UNGUARDED_AVAILABILITY = YES_AGGRESSIVE;
				CLANG_WARN_UNREACHABLE_CODE = YES;
				CLANG_WARN__DUPLICATE_METHOD_MATCH = YES;
				CODE_SIGN_IDENTITY = "iPhone Developer";
				COPY_PHASE_STRIP = NO;
				DEBUG_INFORMATION_FORMAT = "dwarf-with-dsym";
				ENABLE_NS_ASSERTIONS = NO;
				ENABLE_STRICT_OBJC_MSGSEND = YES;
				GCC_C_LANGUAGE_STANDARD = gnu11;
				GCC_NO_COMMON_BLOCKS = YES;
				GCC_WARN_64_TO_32_BIT_CONVERSION = YES;
				GCC_WARN_ABOUT_RETURN_TYPE = YES_ERROR;
				GCC_WARN_UNDECLARED_SELECTOR = YES;
				GCC_WARN_UNINITIALIZED_AUTOS = YES_AGGRESSIVE;
				GCC_WARN_UNUSED_FUNCTION = YES;
				GCC_WARN_UNUSED_VARIABLE = YES;
				IPHONEOS_DEPLOYMENT_TARGET = 12.4;
				MTL_ENABLE_DEBUG_INFO = NO;
				MTL_FAST_MATH = YES;
				SDKROOT = iphoneos;
				SWIFT_COMPILATION_MODE = wholemodule;
				SWIFT_OPTIMIZATION_LEVEL = "-O";
				VALIDATE_PRODUCT = YES;
			};
			name = Release;
		};
		B6227E2F237663840041C864 /* Debug */ = {
			isa = XCBuildConfiguration;
			baseConfigurationReference = 2931C3F73B0CD23414F1CB97 /* Pods-picToText.debug.xcconfig */;
			buildSettings = {
				ASSETCATALOG_COMPILER_APPICON_NAME = AppIcon;
				CODE_SIGN_STYLE = Automatic;
				DEVELOPMENT_TEAM = "";
				INFOPLIST_FILE = picToText/Info.plist;
				IPHONEOS_DEPLOYMENT_TARGET = 12.3;
				LD_RUNPATH_SEARCH_PATHS = (
					"$(inherited)",
					"@executable_path/Frameworks",
				);
				PRODUCT_BUNDLE_IDENTIFIER = quarkworks.picToText;
				PRODUCT_NAME = "$(TARGET_NAME)";
				SWIFT_VERSION = 5.0;
				TARGETED_DEVICE_FAMILY = "1,2";
			};
			name = Debug;
		};
		B6227E30237663840041C864 /* Release */ = {
			isa = XCBuildConfiguration;
			baseConfigurationReference = 20A24C245FE3920AED6B8ADB /* Pods-picToText.release.xcconfig */;
			buildSettings = {
				ASSETCATALOG_COMPILER_APPICON_NAME = AppIcon;
				CODE_SIGN_STYLE = Automatic;
				DEVELOPMENT_TEAM = "";
				INFOPLIST_FILE = picToText/Info.plist;
				IPHONEOS_DEPLOYMENT_TARGET = 12.3;
				LD_RUNPATH_SEARCH_PATHS = (
					"$(inherited)",
					"@executable_path/Frameworks",
				);
				PRODUCT_BUNDLE_IDENTIFIER = quarkworks.picToText;
				PRODUCT_NAME = "$(TARGET_NAME)";
				SWIFT_VERSION = 5.0;
				TARGETED_DEVICE_FAMILY = "1,2";
			};
			name = Release;
		};
		B6227E32237663840041C864 /* Debug */ = {
			isa = XCBuildConfiguration;
			baseConfigurationReference = 034B4212702EC2D4DC5BED44 /* Pods-picToTextTests.debug.xcconfig */;
			buildSettings = {
				ALWAYS_EMBED_SWIFT_STANDARD_LIBRARIES = YES;
				BUNDLE_LOADER = "$(TEST_HOST)";
				CODE_SIGN_STYLE = Automatic;
				INFOPLIST_FILE = picToTextTests/Info.plist;
				LD_RUNPATH_SEARCH_PATHS = (
					"$(inherited)",
					"@executable_path/Frameworks",
					"@loader_path/Frameworks",
				);
				PRODUCT_BUNDLE_IDENTIFIER = quarkworks.picToTextTests;
				PRODUCT_NAME = "$(TARGET_NAME)";
				SWIFT_VERSION = 5.0;
				TARGETED_DEVICE_FAMILY = "1,2";
				TEST_HOST = "$(BUILT_PRODUCTS_DIR)/picToText.app/picToText";
			};
			name = Debug;
		};
		B6227E33237663840041C864 /* Release */ = {
			isa = XCBuildConfiguration;
			baseConfigurationReference = 9F6CFFA7835F50E285A1CEA2 /* Pods-picToTextTests.release.xcconfig */;
			buildSettings = {
				ALWAYS_EMBED_SWIFT_STANDARD_LIBRARIES = YES;
				BUNDLE_LOADER = "$(TEST_HOST)";
				CODE_SIGN_STYLE = Automatic;
				INFOPLIST_FILE = picToTextTests/Info.plist;
				LD_RUNPATH_SEARCH_PATHS = (
					"$(inherited)",
					"@executable_path/Frameworks",
					"@loader_path/Frameworks",
				);
				PRODUCT_BUNDLE_IDENTIFIER = quarkworks.picToTextTests;
				PRODUCT_NAME = "$(TARGET_NAME)";
				SWIFT_VERSION = 5.0;
				TARGETED_DEVICE_FAMILY = "1,2";
				TEST_HOST = "$(BUILT_PRODUCTS_DIR)/picToText.app/picToText";
			};
			name = Release;
		};
		B6227E35237663840041C864 /* Debug */ = {
			isa = XCBuildConfiguration;
			baseConfigurationReference = 23F7DCEFC0220854809A89CA /* Pods-picToText-picToTextUITests.debug.xcconfig */;
			buildSettings = {
				ALWAYS_EMBED_SWIFT_STANDARD_LIBRARIES = YES;
				CODE_SIGN_STYLE = Automatic;
				INFOPLIST_FILE = picToTextUITests/Info.plist;
				LD_RUNPATH_SEARCH_PATHS = (
					"$(inherited)",
					"@executable_path/Frameworks",
					"@loader_path/Frameworks",
				);
				PRODUCT_BUNDLE_IDENTIFIER = quarkworks.picToTextUITests;
				PRODUCT_NAME = "$(TARGET_NAME)";
				SWIFT_VERSION = 5.0;
				TARGETED_DEVICE_FAMILY = "1,2";
				TEST_TARGET_NAME = picToText;
			};
			name = Debug;
		};
		B6227E36237663840041C864 /* Release */ = {
			isa = XCBuildConfiguration;
			baseConfigurationReference = A674991BCEDA75FE6F3FE7DC /* Pods-picToText-picToTextUITests.release.xcconfig */;
			buildSettings = {
				ALWAYS_EMBED_SWIFT_STANDARD_LIBRARIES = YES;
				CODE_SIGN_STYLE = Automatic;
				INFOPLIST_FILE = picToTextUITests/Info.plist;
				LD_RUNPATH_SEARCH_PATHS = (
					"$(inherited)",
					"@executable_path/Frameworks",
					"@loader_path/Frameworks",
				);
				PRODUCT_BUNDLE_IDENTIFIER = quarkworks.picToTextUITests;
				PRODUCT_NAME = "$(TARGET_NAME)";
				SWIFT_VERSION = 5.0;
				TARGETED_DEVICE_FAMILY = "1,2";
				TEST_TARGET_NAME = picToText;
			};
			name = Release;
		};
/* End XCBuildConfiguration section */

/* Begin XCConfigurationList section */
		B6227E01237663830041C864 /* Build configuration list for PBXProject "picToText" */ = {
			isa = XCConfigurationList;
			buildConfigurations = (
				B6227E2C237663840041C864 /* Debug */,
				B6227E2D237663840041C864 /* Release */,
			);
			defaultConfigurationIsVisible = 0;
			defaultConfigurationName = Release;
		};
		B6227E2E237663840041C864 /* Build configuration list for PBXNativeTarget "picToText" */ = {
			isa = XCConfigurationList;
			buildConfigurations = (
				B6227E2F237663840041C864 /* Debug */,
				B6227E30237663840041C864 /* Release */,
			);
			defaultConfigurationIsVisible = 0;
			defaultConfigurationName = Release;
		};
		B6227E31237663840041C864 /* Build configuration list for PBXNativeTarget "picToTextTests" */ = {
			isa = XCConfigurationList;
			buildConfigurations = (
				B6227E32237663840041C864 /* Debug */,
				B6227E33237663840041C864 /* Release */,
			);
			defaultConfigurationIsVisible = 0;
			defaultConfigurationName = Release;
		};
		B6227E34237663840041C864 /* Build configuration list for PBXNativeTarget "picToTextUITests" */ = {
			isa = XCConfigurationList;
			buildConfigurations = (
				B6227E35237663840041C864 /* Debug */,
				B6227E36237663840041C864 /* Release */,
			);
			defaultConfigurationIsVisible = 0;
			defaultConfigurationName = Release;
		};
/* End XCConfigurationList section */
	};
	rootObject = B6227DFE237663830041C864 /* Project object */;
}
